
Microsoft Visual Studio Solution File, Format Version 12.00
# Visual Studio Version 17
VisualStudioVersion = 17.2.32630.192
MinimumVisualStudioVersion = 10.0.40219.1
Project("{FAE04EC0-301F-11D3-BF4B-00C04F79EFBC}") = "p_securite_chiffrement_Toledo_Vauthey", "p_securite_chiffrement_Toledo_Vauthey\p_securite_chiffrement_Toledo_Vauthey.csproj", "{8FFF7F88-343F-44BF-87C6-AF9CA2E1F23E}"
EndProject
Global
	GlobalSection(SolutionConfigurationPlatforms) = preSolution
		Debug|Any CPU = Debug|Any CPU
		Release|Any CPU = Release|Any CPU
	EndGlobalSection
	GlobalSection(ProjectConfigurationPlatforms) = postSolution
		{8FFF7F88-343F-44BF-87C6-AF9CA2E1F23E}.Debug|Any CPU.ActiveCfg = Debug|Any CPU
		{8FFF7F88-343F-44BF-87C6-AF9CA2E1F23E}.Debug|Any CPU.Build.0 = Debug|Any CPU
		{8FFF7F88-343F-44BF-87C6-AF9CA2E1F23E}.Release|Any CPU.ActiveCfg = Release|Any CPU
		{8FFF7F88-343F-44BF-87C6-AF9CA2E1F23E}.Release|Any CPU.Build.0 = Release|Any CPU
	EndGlobalSection
	GlobalSection(SolutionProperties) = preSolution
		HideSolutionNode = FALSE
	EndGlobalSection
	GlobalSection(ExtensibilityGlobals) = postSolution
		SolutionGuid = {3E50F69A-C8B8-409E-835D-1E356F3D5862}
	EndGlobalSection
EndGlobal
